
Microsoft Visual Studio Solution File, Format Version 12.00
# Visual Studio Version 17
VisualStudioVersion = 17.4.33213.308
MinimumVisualStudioVersion = 10.0.40219.1
Project("{9A19103F-16F7-4668-BE54-9A1E7A4F7556}") = "Client", "Sockets\Client.csproj", "{26706607-EC97-4F97-9F33-BAF2F2317937}"
EndProject
Project("{FAE04EC0-301F-11D3-BF4B-00C04F79EFBC}") = "Server", "Server\Server.csproj", "{BFAC5995-22B3-4F7F-9A6F-71988E55AD66}"
EndProject
Global
	GlobalSection(SolutionConfigurationPlatforms) = preSolution
		Debug|Any CPU = Debug|Any CPU
		Release|Any CPU = Release|Any CPU
	EndGlobalSection
	GlobalSection(ProjectConfigurationPlatforms) = postSolution
		{26706607-EC97-4F97-9F33-BAF2F2317937}.Debug|Any CPU.ActiveCfg = Debug|Any CPU
		{26706607-EC97-4F97-9F33-BAF2F2317937}.Debug|Any CPU.Build.0 = Debug|Any CPU
		{26706607-EC97-4F97-9F33-BAF2F2317937}.Release|Any CPU.ActiveCfg = Release|Any CPU
		{26706607-EC97-4F97-9F33-BAF2F2317937}.Release|Any CPU.Build.0 = Release|Any CPU
		{BFAC5995-22B3-4F7F-9A6F-71988E55AD66}.Debug|Any CPU.ActiveCfg = Debug|Any CPU
		{BFAC5995-22B3-4F7F-9A6F-71988E55AD66}.Debug|Any CPU.Build.0 = Debug|Any CPU
		{BFAC5995-22B3-4F7F-9A6F-71988E55AD66}.Release|Any CPU.ActiveCfg = Release|Any CPU
		{BFAC5995-22B3-4F7F-9A6F-71988E55AD66}.Release|Any CPU.Build.0 = Release|Any CPU
	EndGlobalSection
	GlobalSection(SolutionProperties) = preSolution
		HideSolutionNode = FALSE
	EndGlobalSection
	GlobalSection(ExtensibilityGlobals) = postSolution
		SolutionGuid = {16ED2590-9174-4DCD-B1F5-72AF76B1D291}
	EndGlobalSection
EndGlobal
